
Microsoft Visual Studio Solution File, Format Version 12.00
# Visual Studio 15
Project("{FAE04EC0-301F-11D3-BF4B-00C04F79EFBC}") = "Assembly-CSharp", "Assembly-CSharp.csproj", "{44E0CDDE-3FEE-90D5-4E87-58EA8202B3A9}"
EndProject
Project("{FAE04EC0-301F-11D3-BF4B-00C04F79EFBC}") = "Assembly-CSharp-Editor", "Assembly-CSharp-Editor.csproj", "{DE793424-9249-7447-548C-E4904F077476}"
EndProject
Global
	GlobalSection(SolutionConfigurationPlatforms) = preSolution
		Debug|Any CPU = Debug|Any CPU
		Release|Any CPU = Release|Any CPU
	EndGlobalSection
	GlobalSection(ProjectConfigurationPlatforms) = postSolution
		{44E0CDDE-3FEE-90D5-4E87-58EA8202B3A9}.Debug|Any CPU.ActiveCfg = Debug|Any CPU
		{44E0CDDE-3FEE-90D5-4E87-58EA8202B3A9}.Debug|Any CPU.Build.0 = Debug|Any CPU
		{44E0CDDE-3FEE-90D5-4E87-58EA8202B3A9}.Release|Any CPU.ActiveCfg = Release|Any CPU
		{44E0CDDE-3FEE-90D5-4E87-58EA8202B3A9}.Release|Any CPU.Build.0 = Release|Any CPU
		{DE793424-9249-7447-548C-E4904F077476}.Debug|Any CPU.ActiveCfg = Debug|Any CPU
		{DE793424-9249-7447-548C-E4904F077476}.Debug|Any CPU.Build.0 = Debug|Any CPU
		{DE793424-9249-7447-548C-E4904F077476}.Release|Any CPU.ActiveCfg = Release|Any CPU
		{DE793424-9249-7447-548C-E4904F077476}.Release|Any CPU.Build.0 = Release|Any CPU
	EndGlobalSection
	GlobalSection(SolutionProperties) = preSolution
		HideSolutionNode = FALSE
	EndGlobalSection
EndGlobal
